<?xml version="1.0" encoding="utf-8"?>
<Project ToolsVersion="4.0" xmlns="http://schemas.microsoft.com/developer/msbuild/2003">
  <ItemGroup>
    <Filter Include="Resource Files">
      <UniqueIdentifier>{67DA6AB6-F800-4c08-8B7A-83BB121AAD01}</UniqueIdentifier>
      <Extensions>rc;ico;cur;bmp;dlg;rc2;rct;bin;rgs;gif;jpg;jpeg;jpe;resx;tiff;tif;png;wav;mfcribbon-ms</Extensions>
    </Filter>
    <Filter Include="lua">
      <UniqueIdentifier>{fb9f4eca-506a-4420-b6eb-33166e735736}</UniqueIdentifier>
    </Filter>
    <Filter Include="lua\src">
      <UniqueIdentifier>{5d865f12-151c-4c57-97c3-215076e60264}</UniqueIdentifier>
    </Filter>
    <Filter Include="loss">
      <UniqueIdentifier>{32083c34-7f9e-434b-bf43-3b2f94f2aa7b}</UniqueIdentifier>
    </Filter>
    <Filter Include="loss\fs">
      <UniqueIdentifier>{7a47b9cb-cbb8-4718-8f5b-23c235bcd2dc}</UniqueIdentifier>
    </Filter>
    <Filter Include="tests">
      <UniqueIdentifier>{e102b88c-6c57-4e14-8752-38e72b1a1e5d}</UniqueIdentifier>
    </Filter>
    <Filter Include="tests\loss">
      <UniqueIdentifier>{993776d2-9b06-4469-a96d-f7a01b18c71c}</UniqueIdentifier>
    </Filter>
  </ItemGroup>
  <ItemGroup>
    <ClCompile Include="lua\src\lapi.c">
      <Filter>lua\src</Filter>
    </ClCompile>
    <ClCompile Include="lua\src\lauxlib.c">
      <Filter>lua\src</Filter>
    </ClCompile>
    <ClCompile Include="lua\src\lbaselib.c">
      <Filter>lua\src</Filter>
    </ClCompile>
    <ClCompile Include="lua\src\lbitlib.c">
      <Filter>lua\src</Filter>
    </ClCompile>
    <ClCompile Include="lua\src\lcode.c">
      <Filter>lua\src</Filter>
    </ClCompile>
    <ClCompile Include="lua\src\lcorolib.c">
      <Filter>lua\src</Filter>
    </ClCompile>
    <ClCompile Include="lua\src\lctype.c">
      <Filter>lua\src</Filter>
    </ClCompile>
    <ClCompile Include="lua\src\ldblib.c">
      <Filter>lua\src</Filter>
    </ClCompile>
    <ClCompile Include="lua\src\ldebug.c">
      <Filter>lua\src</Filter>
    </ClCompile>
    <ClCompile Include="lua\src\ldo.c">
      <Filter>lua\src</Filter>
    </ClCompile>
    <ClCompile Include="lua\src\ldump.c">
      <Filter>lua\src</Filter>
    </ClCompile>
    <ClCompile Include="lua\src\lfunc.c">
      <Filter>lua\src</Filter>
    </ClCompile>
    <ClCompile Include="lua\src\lgc.c">
      <Filter>lua\src</Filter>
    </ClCompile>
    <ClCompile Include="lua\src\linit.c">
      <Filter>lua\src</Filter>
    </ClCompile>
    <ClCompile Include="lua\src\liolib.c">
      <Filter>lua\src</Filter>
    </ClCompile>
    <ClCompile Include="lua\src\llex.c">
      <Filter>lua\src</Filter>
    </ClCompile>
    <ClCompile Include="lua\src\lmathlib.c">
      <Filter>lua\src</Filter>
    </ClCompile>
    <ClCompile Include="lua\src\lmem.c">
      <Filter>lua\src</Filter>
    </ClCompile>
    <ClCompile Include="lua\src\loadlib.c">
      <Filter>lua\src</Filter>
    </ClCompile>
    <ClCompile Include="lua\src\lobject.c">
      <Filter>lua\src</Filter>
    </ClCompile>
    <ClCompile Include="lua\src\lopcodes.c">
      <Filter>lua\src</Filter>
    </ClCompile>
    <ClCompile Include="lua\src\loslib.c">
      <Filter>lua\src</Filter>
    </ClCompile>
    <ClCompile Include="lua\src\lparser.c">
      <Filter>lua\src</Filter>
    </ClCompile>
    <ClCompile Include="lua\src\lstate.c">
      <Filter>lua\src</Filter>
    </ClCompile>
    <ClCompile Include="lua\src\lstring.c">
      <Filter>lua\src</Filter>
    </ClCompile>
    <ClCompile Include="lua\src\lstrlib.c">
      <Filter>lua\src</Filter>
    </ClCompile>
    <ClCompile Include="lua\src\ltable.c">
      <Filter>lua\src</Filter>
    </ClCompile>
    <ClCompile Include="lua\src\ltablib.c">
      <Filter>lua\src</Filter>
    </ClCompile>
    <ClCompile Include="lua\src\ltm.c">
      <Filter>lua\src</Filter>
    </ClCompile>
    <ClCompile Include="lua\src\lundump.c">
      <Filter>lua\src</Filter>
    </ClCompile>
    <ClCompile Include="lua\src\lvm.c">
      <Filter>lua\src</Filter>
    </ClCompile>
    <ClCompile Include="lua\src\lzio.c">
      <Filter>lua\src</Filter>
    </ClCompile>
    <ClCompile Include="loss\return_codes.cpp">
      <Filter>loss</Filter>
    </ClCompile>
    <ClCompile Include="loss\fs\ifilesystem.cpp">
      <Filter>loss\fs</Filter>
    </ClCompile>
    <ClCompile Include="loss\fs\path.cpp">
      <Filter>loss\fs</Filter>
    </ClCompile>
    <ClCompile Include="loss\fs\ram_filesystem.cpp">
      <Filter>loss\fs</Filter>
    </ClCompile>
    <ClCompile Include="loss\fs\ram_filesystem_drive.cpp">
      <Filter>loss\fs</Filter>
    </ClCompile>
    <ClCompile Include="loss\fs\virtual_fileystem.cpp">
      <Filter>loss\fs</Filter>
    </ClCompile>
    <ClCompile Include="testing.cpp" />
    <ClCompile Include="tests\test_suite.cpp">
      <Filter>tests</Filter>
    </ClCompile>
    <ClCompile Include="tests\loss\filesystem_tests.cpp">
      <Filter>tests\loss</Filter>
    </ClCompile>
    <ClCompile Include="loss\iprocess.cpp">
      <Filter>loss</Filter>
    </ClCompile>
    <ClCompile Include="loss\kernel.cpp">
      <Filter>loss</Filter>
    </ClCompile>
    <ClCompile Include="loss\native_process.cpp">
      <Filter>loss</Filter>
    </ClCompile>
    <ClCompile Include="loss\fs\ifilesystem_entries.cpp">
      <Filter>loss\fs</Filter>
    </ClCompile>
    <ClCompile Include="loss\process_info.cpp">
      <Filter>loss</Filter>
    </ClCompile>
  </ItemGroup>
  <ItemGroup>
    <ClInclude Include="lua\src\lapi.h">
      <Filter>lua\src</Filter>
    </ClInclude>
    <ClInclude Include="lua\src\lauxlib.h">
      <Filter>lua\src</Filter>
    </ClInclude>
    <ClInclude Include="lua\src\lcode.h">
      <Filter>lua\src</Filter>
    </ClInclude>
    <ClInclude Include="lua\src\lctype.h">
      <Filter>lua\src</Filter>
    </ClInclude>
    <ClInclude Include="lua\src\ldebug.h">
      <Filter>lua\src</Filter>
    </ClInclude>
    <ClInclude Include="lua\src\ldo.h">
      <Filter>lua\src</Filter>
    </ClInclude>
    <ClInclude Include="lua\src\lfunc.h">
      <Filter>lua\src</Filter>
    </ClInclude>
    <ClInclude Include="lua\src\lgc.h">
      <Filter>lua\src</Filter>
    </ClInclude>
    <ClInclude Include="lua\src\llex.h">
      <Filter>lua\src</Filter>
    </ClInclude>
    <ClInclude Include="lua\src\llimits.h">
      <Filter>lua\src</Filter>
    </ClInclude>
    <ClInclude Include="lua\src\lmem.h">
      <Filter>lua\src</Filter>
    </ClInclude>
    <ClInclude Include="lua\src\lobject.h">
      <Filter>lua\src</Filter>
    </ClInclude>
    <ClInclude Include="lua\src\lopcodes.h">
      <Filter>lua\src</Filter>
    </ClInclude>
    <ClInclude Include="lua\src\lparser.h">
      <Filter>lua\src</Filter>
    </ClInclude>
    <ClInclude Include="lua\src\lstate.h">
      <Filter>lua\src</Filter>
    </ClInclude>
    <ClInclude Include="lua\src\lstring.h">
      <Filter>lua\src</Filter>
    </ClInclude>
    <ClInclude Include="lua\src\ltable.h">
      <Filter>lua\src</Filter>
    </ClInclude>
    <ClInclude Include="lua\src\ltm.h">
      <Filter>lua\src</Filter>
    </ClInclude>
    <ClInclude Include="lua\src\lua.h">
      <Filter>lua\src</Filter>
    </ClInclude>
    <ClInclude Include="lua\src\lua.hpp">
      <Filter>lua\src</Filter>
    </ClInclude>
    <ClInclude Include="lua\src\luaconf.h">
      <Filter>lua\src</Filter>
    </ClInclude>
    <ClInclude Include="lua\src\lualib.h">
      <Filter>lua\src</Filter>
    </ClInclude>
    <ClInclude Include="lua\src\lundump.h">
      <Filter>lua\src</Filter>
    </ClInclude>
    <ClInclude Include="lua\src\lvm.h">
      <Filter>lua\src</Filter>
    </ClInclude>
    <ClInclude Include="lua\src\lzio.h">
      <Filter>lua\src</Filter>
    </ClInclude>
    <ClInclude Include="loss\iprocess.h">
      <Filter>loss</Filter>
    </ClInclude>
    <ClInclude Include="loss\iuser.h">
      <Filter>loss</Filter>
    </ClInclude>
    <ClInclude Include="loss\return_codes.h">
      <Filter>loss</Filter>
    </ClInclude>
    <ClInclude Include="loss\fs\common.h">
      <Filter>loss\fs</Filter>
    </ClInclude>
    <ClInclude Include="loss\fs\ifilesystem.h">
      <Filter>loss\fs</Filter>
    </ClInclude>
    <ClInclude Include="loss\fs\path.h">
      <Filter>loss\fs</Filter>
    </ClInclude>
    <ClInclude Include="loss\fs\ram_filesystem.h">
      <Filter>loss\fs</Filter>
    </ClInclude>
    <ClInclude Include="loss\fs\ram_filesystem_drive.h">
      <Filter>loss\fs</Filter>
    </ClInclude>
    <ClInclude Include="loss\fs\virtual_fileystem.h">
      <Filter>loss\fs</Filter>
    </ClInclude>
    <ClInclude Include="tests\test_suite.h">
      <Filter>tests</Filter>
    </ClInclude>
    <ClInclude Include="tests\loss\filesystem_tests.h">
      <Filter>tests\loss</Filter>
    </ClInclude>
    <ClInclude Include="loss\kernel.h">
      <Filter>loss</Filter>
    </ClInclude>
    <ClInclude Include="loss\native_process.h">
      <Filter>loss</Filter>
    </ClInclude>
    <ClInclude Include="loss\process_info.h">
      <Filter>loss</Filter>
    </ClInclude>
    <ClInclude Include="loss\fs\ifilesystem_entries.h">
      <Filter>loss\fs</Filter>
    </ClInclude>
  </ItemGroup>
  <ItemGroup>
    <None Include="lua\src\lua.c.old">
      <Filter>lua\src</Filter>
    </None>
    <None Include="lua\src\Makefile">
      <Filter>lua\src</Filter>
    </None>
  </ItemGroup>
</Project>